// !$*UTF8*$!
{
	archiveVersion = 1;
	classes = {
	};
	objectVersion = 46;
	objects = {

/* Begin PBXBuildFile section */
		6512948D14843E91006C2135 /* lib3DAR_v2_1_3.a in Frameworks */ = {isa = PBXBuildFile; fileRef = 6512948C14843E91006C2135 /* lib3DAR_v2_1_3.a */; };
		652E9E7A1481B84C00C3793A /* CustomAnnotation.m in Sources */ = {isa = PBXBuildFile; fileRef = 652E9E781481B84C00C3793A /* CustomAnnotation.m */; };
		6576880214842BA800CAA112 /* Default.png in Resources */ = {isa = PBXBuildFile; fileRef = 6576880014842BA800CAA112 /* Default.png */; };
		6591167B148317560008BC6C /* CoreLocation.framework in Frameworks */ = {isa = PBXBuildFile; fileRef = 65911677148317560008BC6C /* CoreLocation.framework */; };
		6591167C148317560008BC6C /* CoreMotion.framework in Frameworks */ = {isa = PBXBuildFile; fileRef = 65911678148317560008BC6C /* CoreMotion.framework */; };
		6591167D148317560008BC6C /* OpenGLES.framework in Frameworks */ = {isa = PBXBuildFile; fileRef = 65911679148317560008BC6C /* OpenGLES.framework */; };
		6591167E148317560008BC6C /* QuartzCore.framework in Frameworks */ = {isa = PBXBuildFile; fileRef = 6591167A148317560008BC6C /* QuartzCore.framework */; };
		65B393C014842B050091AE14 /* 3dar.plist in Resources */ = {isa = PBXBuildFile; fileRef = 65B393A614842B050091AE14 /* 3dar.plist */; };
		65B393C114842B050091AE14 /* 3dar_logo.png in Resources */ = {isa = PBXBuildFile; fileRef = 65B393A914842B050091AE14 /* 3dar_logo.png */; };
		65B393C214842B050091AE14 /* 3dar_logo@2x.png in Resources */ = {isa = PBXBuildFile; fileRef = 65B393AA14842B050091AE14 /* 3dar_logo@2x.png */; };
		65B393C314842B050091AE14 /* 3dar_marker_icon1.png in Resources */ = {isa = PBXBuildFile; fileRef = 65B393AB14842B050091AE14 /* 3dar_marker_icon1.png */; };
		65B393C414842B050091AE14 /* 3dar_marker_icon1_focused.png in Resources */ = {isa = PBXBuildFile; fileRef = 65B393AC14842B050091AE14 /* 3dar_marker_icon1_focused.png */; };
		65B393C514842B050091AE14 /* 3dar_pano_bg.png in Resources */ = {isa = PBXBuildFile; fileRef = 65B393AD14842B050091AE14 /* 3dar_pano_bg.png */; };
		65B393C614842B050091AE14 /* bubble.png in Resources */ = {isa = PBXBuildFile; fileRef = 65B393AE14842B050091AE14 /* bubble.png */; };
		65B393C714842B050091AE14 /* powered_by_3dar_310x50.png in Resources */ = {isa = PBXBuildFile; fileRef = 65B393AF14842B050091AE14 /* powered_by_3dar_310x50.png */; };
		65B393C814842B050091AE14 /* powered_by_3dar_310x50@2x.png in Resources */ = {isa = PBXBuildFile; fileRef = 65B393B014842B050091AE14 /* powered_by_3dar_310x50@2x.png */; };
		65B393C914842B050091AE14 /* cube.obj in Resources */ = {isa = PBXBuildFile; fileRef = 65B393B214842B050091AE14 /* cube.obj */; };
		65B393CA14842B050091AE14 /* moebius.obj in Resources */ = {isa = PBXBuildFile; fileRef = 65B393B314842B050091AE14 /* moebius.obj */; };
		65B393CB14842B050091AE14 /* sphere.obj in Resources */ = {isa = PBXBuildFile; fileRef = 65B393B414842B050091AE14 /* sphere.obj */; };
		65B393CC14842B050091AE14 /* star.obj in Resources */ = {isa = PBXBuildFile; fileRef = 65B393B514842B050091AE14 /* star.obj */; };
		65B393CD14842B050091AE14 /* ufo.obj in Resources */ = {isa = PBXBuildFile; fileRef = 65B393B614842B050091AE14 /* ufo.obj */; };
		65B393CF14842B050091AE14 /* SM3DAR_keys.txt in Resources */ = {isa = PBXBuildFile; fileRef = 65B393BA14842B050091AE14 /* SM3DAR_keys.txt */; };
		65B393D014842B050091AE14 /* 3DAR - Getting Started.webloc in Resources */ = {isa = PBXBuildFile; fileRef = 65B393BB14842B050091AE14 /* 3DAR - Getting Started.webloc */; };
		65B393D114842B050091AE14 /* lib3DAR Fat Binary.webloc in Resources */ = {isa = PBXBuildFile; fileRef = 65B393BD14842B050091AE14 /* lib3DAR Fat Binary.webloc */; };
		65B393D214842B050091AE14 /* QUICKSTART.txt in Resources */ = {isa = PBXBuildFile; fileRef = 65B393BE14842B050091AE14 /* QUICKSTART.txt */; };
		65B393D314842B050091AE14 /* README.txt in Resources */ = {isa = PBXBuildFile; fileRef = 65B393BF14842B050091AE14 /* README.txt */; };
		65C58E7B1487358D005C5F7C /* HarvardTourIcon.png in Resources */ = {isa = PBXBuildFile; fileRef = 65C58E7A1487358D005C5F7C /* HarvardTourIcon.png */; };
		65C58E7D14873595005C5F7C /* HarvardTourIcon(.5).png in Resources */ = {isa = PBXBuildFile; fileRef = 65C58E7C14873595005C5F7C /* HarvardTourIcon(.5).png */; };
		65D2431914873CA400D62AB1 /* Default@2x.png in Resources */ = {isa = PBXBuildFile; fileRef = 65D2431814873CA400D62AB1 /* Default@2x.png */; };
		65E7856D14808A2E0029C348 /* UIKit.framework in Frameworks */ = {isa = PBXBuildFile; fileRef = 65E7856C14808A2E0029C348 /* UIKit.framework */; };
		65E7856F14808A2E0029C348 /* Foundation.framework in Frameworks */ = {isa = PBXBuildFile; fileRef = 65E7856E14808A2E0029C348 /* Foundation.framework */; };
		65E7857114808A2E0029C348 /* CoreGraphics.framework in Frameworks */ = {isa = PBXBuildFile; fileRef = 65E7857014808A2E0029C348 /* CoreGraphics.framework */; };
		65E7857714808A2E0029C348 /* InfoPlist.strings in Resources */ = {isa = PBXBuildFile; fileRef = 65E7857514808A2E0029C348 /* InfoPlist.strings */; };
		65E7857914808A2E0029C348 /* main.m in Sources */ = {isa = PBXBuildFile; fileRef = 65E7857814808A2E0029C348 /* main.m */; };
		65E7857D14808A2E0029C348 /* HTourAppDelegate.m in Sources */ = {isa = PBXBuildFile; fileRef = 65E7857C14808A2E0029C348 /* HTourAppDelegate.m */; };
		65E7858014808A2E0029C348 /* MainStoryboard.storyboard in Resources */ = {isa = PBXBuildFile; fileRef = 65E7857E14808A2E0029C348 /* MainStoryboard.storyboard */; };
		65E7858314808A2E0029C348 /* HTourViewController.m in Sources */ = {isa = PBXBuildFile; fileRef = 65E7858214808A2E0029C348 /* HTourViewController.m */; };
		65E7858A14808B5D0029C348 /* MapKit.framework in Frameworks */ = {isa = PBXBuildFile; fileRef = 65E7858914808B5D0029C348 /* MapKit.framework */; };
/* End PBXBuildFile section */

/* Begin PBXFileReference section */
		6512948C14843E91006C2135 /* lib3DAR_v2_1_3.a */ = {isa = PBXFileReference; lastKnownFileType = archive.ar; path = lib3DAR_v2_1_3.a; sourceTree = "<group>"; };
		652E9E781481B84C00C3793A /* CustomAnnotation.m */ = {isa = PBXFileReference; fileEncoding = 4; lastKnownFileType = sourcecode.c.objc; path = CustomAnnotation.m; sourceTree = "<group>"; };
		652E9E791481B84C00C3793A /* CustomAnnotation.h */ = {isa = PBXFileReference; fileEncoding = 4; lastKnownFileType = sourcecode.c.h; path = CustomAnnotation.h; sourceTree = "<group>"; };
		6576880014842BA800CAA112 /* Default.png */ = {isa = PBXFileReference; lastKnownFileType = image.png; path = Default.png; sourceTree = "<group>"; };
		65911677148317560008BC6C /* CoreLocation.framework */ = {isa = PBXFileReference; lastKnownFileType = wrapper.framework; name = CoreLocation.framework; path = System/Library/Frameworks/CoreLocation.framework; sourceTree = SDKROOT; };
		65911678148317560008BC6C /* CoreMotion.framework */ = {isa = PBXFileReference; lastKnownFileType = wrapper.framework; name = CoreMotion.framework; path = System/Library/Frameworks/CoreMotion.framework; sourceTree = SDKROOT; };
		65911679148317560008BC6C /* OpenGLES.framework */ = {isa = PBXFileReference; lastKnownFileType = wrapper.framework; name = OpenGLES.framework; path = System/Library/Frameworks/OpenGLES.framework; sourceTree = SDKROOT; };
		6591167A148317560008BC6C /* QuartzCore.framework */ = {isa = PBXFileReference; lastKnownFileType = wrapper.framework; name = QuartzCore.framework; path = System/Library/Frameworks/QuartzCore.framework; sourceTree = SDKROOT; };
		65B393A614842B050091AE14 /* 3dar.plist */ = {isa = PBXFileReference; fileEncoding = 4; lastKnownFileType = text.plist.xml; path = 3dar.plist; sourceTree = "<group>"; };
		65B393A914842B050091AE14 /* 3dar_logo.png */ = {isa = PBXFileReference; lastKnownFileType = image.png; path = 3dar_logo.png; sourceTree = "<group>"; };
		65B393AA14842B050091AE14 /* 3dar_logo@2x.png */ = {isa = PBXFileReference; lastKnownFileType = image.png; path = "3dar_logo@2x.png"; sourceTree = "<group>"; };
		65B393AB14842B050091AE14 /* 3dar_marker_icon1.png */ = {isa = PBXFileReference; lastKnownFileType = image.png; path = 3dar_marker_icon1.png; sourceTree = "<group>"; };
		65B393AC14842B050091AE14 /* 3dar_marker_icon1_focused.png */ = {isa = PBXFileReference; lastKnownFileType = image.png; path = 3dar_marker_icon1_focused.png; sourceTree = "<group>"; };
		65B393AD14842B050091AE14 /* 3dar_pano_bg.png */ = {isa = PBXFileReference; lastKnownFileType = image.png; path = 3dar_pano_bg.png; sourceTree = "<group>"; };
		65B393AE14842B050091AE14 /* bubble.png */ = {isa = PBXFileReference; lastKnownFileType = image.png; path = bubble.png; sourceTree = "<group>"; };
		65B393AF14842B050091AE14 /* powered_by_3dar_310x50.png */ = {isa = PBXFileReference; lastKnownFileType = image.png; path = powered_by_3dar_310x50.png; sourceTree = "<group>"; };
		65B393B014842B050091AE14 /* powered_by_3dar_310x50@2x.png */ = {isa = PBXFileReference; lastKnownFileType = image.png; path = "powered_by_3dar_310x50@2x.png"; sourceTree = "<group>"; };
		65B393B214842B050091AE14 /* cube.obj */ = {isa = PBXFileReference; fileEncoding = 4; lastKnownFileType = text; path = cube.obj; sourceTree = "<group>"; };
		65B393B314842B050091AE14 /* moebius.obj */ = {isa = PBXFileReference; fileEncoding = 4; lastKnownFileType = text; path = moebius.obj; sourceTree = "<group>"; };
		65B393B414842B050091AE14 /* sphere.obj */ = {isa = PBXFileReference; fileEncoding = 4; lastKnownFileType = text; path = sphere.obj; sourceTree = "<group>"; };
		65B393B514842B050091AE14 /* star.obj */ = {isa = PBXFileReference; fileEncoding = 4; lastKnownFileType = text; path = star.obj; sourceTree = "<group>"; };
		65B393B614842B050091AE14 /* ufo.obj */ = {isa = PBXFileReference; fileEncoding = 4; lastKnownFileType = text; path = ufo.obj; sourceTree = "<group>"; };
		65B393B914842B050091AE14 /* SM3DAR.h */ = {isa = PBXFileReference; fileEncoding = 4; lastKnownFileType = sourcecode.c.h; path = SM3DAR.h; sourceTree = "<group>"; };
		65B393BA14842B050091AE14 /* SM3DAR_keys.txt */ = {isa = PBXFileReference; fileEncoding = 4; lastKnownFileType = text; path = SM3DAR_keys.txt; sourceTree = "<group>"; };
		65B393BB14842B050091AE14 /* 3DAR - Getting Started.webloc */ = {isa = PBXFileReference; fileEncoding = 4; lastKnownFileType = text.xml; path = "3DAR - Getting Started.webloc"; sourceTree = "<group>"; };
		65B393BD14842B050091AE14 /* lib3DAR Fat Binary.webloc */ = {isa = PBXFileReference; fileEncoding = 4; lastKnownFileType = text.xml; path = "lib3DAR Fat Binary.webloc"; sourceTree = "<group>"; };
		65B393BE14842B050091AE14 /* QUICKSTART.txt */ = {isa = PBXFileReference; fileEncoding = 4; lastKnownFileType = text; path = QUICKSTART.txt; sourceTree = "<group>"; };
		65B393BF14842B050091AE14 /* README.txt */ = {isa = PBXFileReference; fileEncoding = 4; lastKnownFileType = text; path = README.txt; sourceTree = "<group>"; };
		65C58E7A1487358D005C5F7C /* HarvardTourIcon.png */ = {isa = PBXFileReference; lastKnownFileType = image.png; name = HarvardTourIcon.png; path = ../HarvardTourIcon.png; sourceTree = "<group>"; };
		65C58E7C14873595005C5F7C /* HarvardTourIcon(.5).png */ = {isa = PBXFileReference; lastKnownFileType = image.png; name = "HarvardTourIcon(.5).png"; path = "../HarvardTourIcon(.5).png"; sourceTree = "<group>"; };
		65D2431814873CA400D62AB1 /* Default@2x.png */ = {isa = PBXFileReference; lastKnownFileType = image.png; name = "Default@2x.png"; path = "../../../../Default@2x.png"; sourceTree = "<group>"; };
		65E7856814808A2E0029C348 /* HarvardTour.app */ = {isa = PBXFileReference; explicitFileType = wrapper.application; includeInIndex = 0; path = HarvardTour.app; sourceTree = BUILT_PRODUCTS_DIR; };
		65E7856C14808A2E0029C348 /* UIKit.framework */ = {isa = PBXFileReference; lastKnownFileType = wrapper.framework; name = UIKit.framework; path = System/Library/Frameworks/UIKit.framework; sourceTree = SDKROOT; };
		65E7856E14808A2E0029C348 /* Foundation.framework */ = {isa = PBXFileReference; lastKnownFileType = wrapper.framework; name = Foundation.framework; path = System/Library/Frameworks/Foundation.framework; sourceTree = SDKROOT; };
		65E7857014808A2E0029C348 /* CoreGraphics.framework */ = {isa = PBXFileReference; lastKnownFileType = wrapper.framework; name = CoreGraphics.framework; path = System/Library/Frameworks/CoreGraphics.framework; sourceTree = SDKROOT; };
		65E7857414808A2E0029C348 /* HarvardTour-Info.plist */ = {isa = PBXFileReference; lastKnownFileType = text.plist.xml; path = "HarvardTour-Info.plist"; sourceTree = "<group>"; };
		65E7857614808A2E0029C348 /* en */ = {isa = PBXFileReference; lastKnownFileType = text.plist.strings; name = en; path = en.lproj/InfoPlist.strings; sourceTree = "<group>"; };
		65E7857814808A2E0029C348 /* main.m */ = {isa = PBXFileReference; lastKnownFileType = sourcecode.c.objc; path = main.m; sourceTree = "<group>"; };
		65E7857A14808A2E0029C348 /* HarvardTour-Prefix.pch */ = {isa = PBXFileReference; lastKnownFileType = sourcecode.c.h; path = "HarvardTour-Prefix.pch"; sourceTree = "<group>"; };
		65E7857B14808A2E0029C348 /* HTourAppDelegate.h */ = {isa = PBXFileReference; lastKnownFileType = sourcecode.c.h; path = HTourAppDelegate.h; sourceTree = "<group>"; };
		65E7857C14808A2E0029C348 /* HTourAppDelegate.m */ = {isa = PBXFileReference; lastKnownFileType = sourcecode.c.objc; path = HTourAppDelegate.m; sourceTree = "<group>"; };
		65E7857F14808A2E0029C348 /* en */ = {isa = PBXFileReference; lastKnownFileType = file.storyboard; name = en; path = en.lproj/MainStoryboard.storyboard; sourceTree = "<group>"; };
		65E7858114808A2E0029C348 /* HTourViewController.h */ = {isa = PBXFileReference; lastKnownFileType = sourcecode.c.h; path = HTourViewController.h; sourceTree = "<group>"; };
		65E7858214808A2E0029C348 /* HTourViewController.m */ = {isa = PBXFileReference; lastKnownFileType = sourcecode.c.objc; path = HTourViewController.m; sourceTree = "<group>"; };
		65E7858914808B5D0029C348 /* MapKit.framework */ = {isa = PBXFileReference; lastKnownFileType = wrapper.framework; name = MapKit.framework; path = System/Library/Frameworks/MapKit.framework; sourceTree = SDKROOT; };
/* End PBXFileReference section */

/* Begin PBXFrameworksBuildPhase section */
		65E7856514808A2E0029C348 /* Frameworks */ = {
			isa = PBXFrameworksBuildPhase;
			buildActionMask = 2147483647;
			files = (
				6591167B148317560008BC6C /* CoreLocation.framework in Frameworks */,
				6591167C148317560008BC6C /* CoreMotion.framework in Frameworks */,
				6591167D148317560008BC6C /* OpenGLES.framework in Frameworks */,
				6591167E148317560008BC6C /* QuartzCore.framework in Frameworks */,
				65E7858A14808B5D0029C348 /* MapKit.framework in Frameworks */,
				65E7856D14808A2E0029C348 /* UIKit.framework in Frameworks */,
				65E7856F14808A2E0029C348 /* Foundation.framework in Frameworks */,
				65E7857114808A2E0029C348 /* CoreGraphics.framework in Frameworks */,
				6512948D14843E91006C2135 /* lib3DAR_v2_1_3.a in Frameworks */,
			);
			runOnlyForDeploymentPostprocessing = 0;
		};
/* End PBXFrameworksBuildPhase section */

/* Begin PBXGroup section */
		65B393A414842B050091AE14 /* 3DAR SDK v2.1.3 */ = {
			isa = PBXGroup;
			children = (
				65B393A514842B050091AE14 /* 3DAR */,
				65B393BB14842B050091AE14 /* 3DAR - Getting Started.webloc */,
				65B393BC14842B050091AE14 /* Fat Binary For Simulator */,
				65B393BE14842B050091AE14 /* QUICKSTART.txt */,
				65B393BF14842B050091AE14 /* README.txt */,
			);
			path = "3DAR SDK v2.1.3";
			sourceTree = "<group>";
		};
		65B393A514842B050091AE14 /* 3DAR */ = {
			isa = PBXGroup;
			children = (
				65B393A614842B050091AE14 /* 3dar.plist */,
				65B393A714842B050091AE14 /* Assets */,
				65B393B714842B050091AE14 /* Lib */,
				65B393B914842B050091AE14 /* SM3DAR.h */,
				65B393BA14842B050091AE14 /* SM3DAR_keys.txt */,
			);
			path = 3DAR;
			sourceTree = "<group>";
		};
		65B393A714842B050091AE14 /* Assets */ = {
			isa = PBXGroup;
			children = (
				65B393A814842B050091AE14 /* images */,
				65B393B114842B050091AE14 /* models */,
			);
			path = Assets;
			sourceTree = "<group>";
		};
		65B393A814842B050091AE14 /* images */ = {
			isa = PBXGroup;
			children = (
				6576880014842BA800CAA112 /* Default.png */,
				65D2431814873CA400D62AB1 /* Default@2x.png */,
				65B393A914842B050091AE14 /* 3dar_logo.png */,
				65B393AA14842B050091AE14 /* 3dar_logo@2x.png */,
				65B393AB14842B050091AE14 /* 3dar_marker_icon1.png */,
				65B393AC14842B050091AE14 /* 3dar_marker_icon1_focused.png */,
				65B393AD14842B050091AE14 /* 3dar_pano_bg.png */,
				65B393AE14842B050091AE14 /* bubble.png */,
				65B393AF14842B050091AE14 /* powered_by_3dar_310x50.png */,
				65B393B014842B050091AE14 /* powered_by_3dar_310x50@2x.png */,
			);
			path = images;
			sourceTree = "<group>";
		};
		65B393B114842B050091AE14 /* models */ = {
			isa = PBXGroup;
			children = (
				65B393B214842B050091AE14 /* cube.obj */,
				65B393B314842B050091AE14 /* moebius.obj */,
				65B393B414842B050091AE14 /* sphere.obj */,
				65B393B514842B050091AE14 /* star.obj */,
				65B393B614842B050091AE14 /* ufo.obj */,
			);
			path = models;
			sourceTree = "<group>";
		};
		65B393B714842B050091AE14 /* Lib */ = {
			isa = PBXGroup;
			children = (
				6512948C14843E91006C2135 /* lib3DAR_v2_1_3.a */,
			);
			path = Lib;
			sourceTree = "<group>";
		};
		65B393BC14842B050091AE14 /* Fat Binary For Simulator */ = {
			isa = PBXGroup;
			children = (
				65B393BD14842B050091AE14 /* lib3DAR Fat Binary.webloc */,
			);
			path = "Fat Binary For Simulator";
			sourceTree = "<group>";
		};
		65E7855D14808A2E0029C348 = {
			isa = PBXGroup;
			children = (
				65B393A414842B050091AE14 /* 3DAR SDK v2.1.3 */,
				65E7857214808A2E0029C348 /* Harvard Tour */,
				65E7856B14808A2E0029C348 /* Frameworks */,
				65E7856914808A2E0029C348 /* Products */,
			);
			sourceTree = "<group>";
		};
		65E7856914808A2E0029C348 /* Products */ = {
			isa = PBXGroup;
			children = (
				65E7856814808A2E0029C348 /* HarvardTour.app */,
			);
			name = Products;
			sourceTree = "<group>";
		};
		65E7856B14808A2E0029C348 /* Frameworks */ = {
			isa = PBXGroup;
			children = (
				65911677148317560008BC6C /* CoreLocation.framework */,
				65911678148317560008BC6C /* CoreMotion.framework */,
				65911679148317560008BC6C /* OpenGLES.framework */,
				6591167A148317560008BC6C /* QuartzCore.framework */,
				65E7858914808B5D0029C348 /* MapKit.framework */,
				65E7856C14808A2E0029C348 /* UIKit.framework */,
				65E7856E14808A2E0029C348 /* Foundation.framework */,
				65E7857014808A2E0029C348 /* CoreGraphics.framework */,
			);
			name = Frameworks;
			sourceTree = "<group>";
		};
		65E7857214808A2E0029C348 /* Harvard Tour */ = {
			isa = PBXGroup;
			children = (
				65E7857B14808A2E0029C348 /* HTourAppDelegate.h */,
				65E7857C14808A2E0029C348 /* HTourAppDelegate.m */,
				65E7857E14808A2E0029C348 /* MainStoryboard.storyboard */,
				65E7858114808A2E0029C348 /* HTourViewController.h */,
				65E7858214808A2E0029C348 /* HTourViewController.m */,
				652E9E791481B84C00C3793A /* CustomAnnotation.h */,
				652E9E781481B84C00C3793A /* CustomAnnotation.m */,
				65E7857314808A2E0029C348 /* Supporting Files */,
			);
			path = "Harvard Tour";
			sourceTree = "<group>";
		};
		65E7857314808A2E0029C348 /* Supporting Files */ = {
			isa = PBXGroup;
			children = (
				65E7857414808A2E0029C348 /* HarvardTour-Info.plist */,
				65E7857514808A2E0029C348 /* InfoPlist.strings */,
				65E7857814808A2E0029C348 /* main.m */,
				65E7857A14808A2E0029C348 /* HarvardTour-Prefix.pch */,
				65C58E7C14873595005C5F7C /* HarvardTourIcon(.5).png */,
				65C58E7A1487358D005C5F7C /* HarvardTourIcon.png */,
			);
			name = "Supporting Files";
			sourceTree = "<group>";
		};
/* End PBXGroup section */

/* Begin PBXNativeTarget section */
		65E7856714808A2E0029C348 /* HarvardTour */ = {
			isa = PBXNativeTarget;
			buildConfigurationList = 65E7858614808A2E0029C348 /* Build configuration list for PBXNativeTarget "HarvardTour" */;
			buildPhases = (
				65E7856414808A2E0029C348 /* Sources */,
				65E7856514808A2E0029C348 /* Frameworks */,
				65E7856614808A2E0029C348 /* Resources */,
			);
			buildRules = (
			);
			dependencies = (
			);
			name = HarvardTour;
			productName = "Harvard Tour";
			productReference = 65E7856814808A2E0029C348 /* HarvardTour.app */;
			productType = "com.apple.product-type.application";
		};
/* End PBXNativeTarget section */

/* Begin PBXProject section */
		65E7855F14808A2E0029C348 /* Project object */ = {
			isa = PBXProject;
			attributes = {
				LastUpgradeCheck = 0420;
			};
			buildConfigurationList = 65E7856214808A2E0029C348 /* Build configuration list for PBXProject "HarvardTour" */;
			compatibilityVersion = "Xcode 3.2";
			developmentRegion = English;
			hasScannedForEncodings = 0;
			knownRegions = (
				en,
			);
			mainGroup = 65E7855D14808A2E0029C348;
			productRefGroup = 65E7856914808A2E0029C348 /* Products */;
			projectDirPath = "";
			projectRoot = "";
			targets = (
				65E7856714808A2E0029C348 /* HarvardTour */,
			);
		};
/* End PBXProject section */

/* Begin PBXResourcesBuildPhase section */
		65E7856614808A2E0029C348 /* Resources */ = {
			isa = PBXResourcesBuildPhase;
			buildActionMask = 2147483647;
			files = (
				65E7857714808A2E0029C348 /* InfoPlist.strings in Resources */,
				65E7858014808A2E0029C348 /* MainStoryboard.storyboard in Resources */,
				65B393C014842B050091AE14 /* 3dar.plist in Resources */,
				65B393C114842B050091AE14 /* 3dar_logo.png in Resources */,
				65B393C214842B050091AE14 /* 3dar_logo@2x.png in Resources */,
				65B393C314842B050091AE14 /* 3dar_marker_icon1.png in Resources */,
				65B393C414842B050091AE14 /* 3dar_marker_icon1_focused.png in Resources */,
				65B393C514842B050091AE14 /* 3dar_pano_bg.png in Resources */,
				65B393C614842B050091AE14 /* bubble.png in Resources */,
				65B393C714842B050091AE14 /* powered_by_3dar_310x50.png in Resources */,
				65B393C814842B050091AE14 /* powered_by_3dar_310x50@2x.png in Resources */,
				65B393C914842B050091AE14 /* cube.obj in Resources */,
				65B393CA14842B050091AE14 /* moebius.obj in Resources */,
				65B393CB14842B050091AE14 /* sphere.obj in Resources */,
				65B393CC14842B050091AE14 /* star.obj in Resources */,
				65B393CD14842B050091AE14 /* ufo.obj in Resources */,
				65B393CF14842B050091AE14 /* SM3DAR_keys.txt in Resources */,
				65B393D014842B050091AE14 /* 3DAR - Getting Started.webloc in Resources */,
				65B393D114842B050091AE14 /* lib3DAR Fat Binary.webloc in Resources */,
				65B393D214842B050091AE14 /* QUICKSTART.txt in Resources */,
				65B393D314842B050091AE14 /* README.txt in Resources */,
				6576880214842BA800CAA112 /* Default.png in Resources */,
				65C58E7B1487358D005C5F7C /* HarvardTourIcon.png in Resources */,
				65C58E7D14873595005C5F7C /* HarvardTourIcon(.5).png in Resources */,
				65D2431914873CA400D62AB1 /* Default@2x.png in Resources */,
			);
			runOnlyForDeploymentPostprocessing = 0;
		};
/* End PBXResourcesBuildPhase section */

/* Begin PBXSourcesBuildPhase section */
		65E7856414808A2E0029C348 /* Sources */ = {
			isa = PBXSourcesBuildPhase;
			buildActionMask = 2147483647;
			files = (
				65E7857914808A2E0029C348 /* main.m in Sources */,
				65E7857D14808A2E0029C348 /* HTourAppDelegate.m in Sources */,
				65E7858314808A2E0029C348 /* HTourViewController.m in Sources */,
				652E9E7A1481B84C00C3793A /* CustomAnnotation.m in Sources */,
			);
			runOnlyForDeploymentPostprocessing = 0;
		};
/* End PBXSourcesBuildPhase section */

/* Begin PBXVariantGroup section */
		65E7857514808A2E0029C348 /* InfoPlist.strings */ = {
			isa = PBXVariantGroup;
			children = (
				65E7857614808A2E0029C348 /* en */,
			);
			name = InfoPlist.strings;
			sourceTree = "<group>";
		};
		65E7857E14808A2E0029C348 /* MainStoryboard.storyboard */ = {
			isa = PBXVariantGroup;
			children = (
				65E7857F14808A2E0029C348 /* en */,
			);
			name = MainStoryboard.storyboard;
			sourceTree = "<group>";
		};
/* End PBXVariantGroup section */

/* Begin XCBuildConfiguration section */
		65E7858414808A2E0029C348 /* Debug */ = {
			isa = XCBuildConfiguration;
			buildSettings = {
				ALWAYS_SEARCH_USER_PATHS = NO;
				ARCHS = "$(ARCHS_STANDARD_32_BIT)";
				CLANG_ENABLE_OBJC_ARC = YES;
				"CODE_SIGN_IDENTITY[sdk=iphoneos*]" = "iPhone Developer";
				COPY_PHASE_STRIP = NO;
				GCC_C_LANGUAGE_STANDARD = gnu99;
				GCC_DYNAMIC_NO_PIC = NO;
				GCC_OPTIMIZATION_LEVEL = 0;
				GCC_PREPROCESSOR_DEFINITIONS = (
					"DEBUG=1",
					"$(inherited)",
				);
				GCC_SYMBOLS_PRIVATE_EXTERN = NO;
				GCC_VERSION = com.apple.compilers.llvm.clang.1_0;
				GCC_WARN_ABOUT_MISSING_PROTOTYPES = YES;
				GCC_WARN_ABOUT_RETURN_TYPE = YES;
				GCC_WARN_UNUSED_VARIABLE = YES;
				IPHONEOS_DEPLOYMENT_TARGET = 5.0;
				SDKROOT = iphoneos;
			};
			name = Debug;
		};
		65E7858514808A2E0029C348 /* Release */ = {
			isa = XCBuildConfiguration;
			buildSettings = {
				ALWAYS_SEARCH_USER_PATHS = NO;
				ARCHS = "$(ARCHS_STANDARD_32_BIT)";
				CLANG_ENABLE_OBJC_ARC = YES;
				"CODE_SIGN_IDENTITY[sdk=iphoneos*]" = "iPhone Developer";
				COPY_PHASE_STRIP = YES;
				GCC_C_LANGUAGE_STANDARD = gnu99;
				GCC_VERSION = com.apple.compilers.llvm.clang.1_0;
				GCC_WARN_ABOUT_MISSING_PROTOTYPES = YES;
				GCC_WARN_ABOUT_RETURN_TYPE = YES;
				GCC_WARN_UNUSED_VARIABLE = YES;
				IPHONEOS_DEPLOYMENT_TARGET = 5.0;
				OTHER_CFLAGS = "-DNS_BLOCK_ASSERTIONS=1";
				SDKROOT = iphoneos;
				VALIDATE_PRODUCT = YES;
			};
			name = Release;
		};
		65E7858714808A2E0029C348 /* Debug */ = {
			isa = XCBuildConfiguration;
			buildSettings = {
				GCC_PRECOMPILE_PREFIX_HEADER = YES;
				GCC_PREFIX_HEADER = "Harvard Tour/HarvardTour-Prefix.pch";
				INFOPLIST_FILE = "Harvard Tour/HarvardTour-Info.plist";
				LIBRARY_SEARCH_PATHS = (
					"\"$(SRCROOT)/3DAR SDK v2.1.3/3DAR/Lib\"",
					"$(inherited)",
				);
				OTHER_LDFLAGS = (
					"-lstdc++",
					"-ObjC",
				);
				PRODUCT_NAME = HarvardTour;
				WRAPPER_EXTENSION = app;
			};
			name = Debug;
		};
		65E7858814808A2E0029C348 /* Release */ = {
			isa = XCBuildConfiguration;
			buildSettings = {
				GCC_PRECOMPILE_PREFIX_HEADER = YES;
				GCC_PREFIX_HEADER = "Harvard Tour/HarvardTour-Prefix.pch";
				INFOPLIST_FILE = "Harvard Tour/HarvardTour-Info.plist";
				LIBRARY_SEARCH_PATHS = (
					"\"$(SRCROOT)/3DAR SDK v2.1.3/3DAR/Lib\"",
					"$(inherited)",
				);
				OTHER_LDFLAGS = (
					"-lstdc++",
					"-ObjC",
				);
				PRODUCT_NAME = HarvardTour;
				WRAPPER_EXTENSION = app;
			};
			name = Release;
		};
/* End XCBuildConfiguration section */

/* Begin XCConfigurationList section */
		65E7856214808A2E0029C348 /* Build configuration list for PBXProject "HarvardTour" */ = {
			isa = XCConfigurationList;
			buildConfigurations = (
				65E7858414808A2E0029C348 /* Debug */,
				65E7858514808A2E0029C348 /* Release */,
			);
			defaultConfigurationIsVisible = 0;
			defaultConfigurationName = Release;
		};
		65E7858614808A2E0029C348 /* Build configuration list for PBXNativeTarget "HarvardTour" */ = {
			isa = XCConfigurationList;
			buildConfigurations = (
				65E7858714808A2E0029C348 /* Debug */,
				65E7858814808A2E0029C348 /* Release */,
			);
			defaultConfigurationIsVisible = 0;
			defaultConfigurationName = Release;
		};
/* End XCConfigurationList section */
	};
	rootObject = 65E7855F14808A2E0029C348 /* Project object */;
}
